
Microsoft Visual Studio Solution File, Format Version 12.00
# Visual Studio Version 17
VisualStudioVersion = 17.11.35222.181
MinimumVisualStudioVersion = 10.0.40219.1
Project("{9A19103F-16F7-4668-BE54-9A1E7A4F7556}") = "1000", "1000\1000.csproj", "{D54AEED6-8010-4B5C-80CD-5403488E5380}"
EndProject
Project("{9A19103F-16F7-4668-BE54-9A1E7A4F7556}") = "1001", "1001\1001.csproj", "{D7800DBD-849A-48E9-B322-C5B84FE84433}"
EndProject
Project("{9A19103F-16F7-4668-BE54-9A1E7A4F7556}") = "1002", "1002\1002.csproj", "{BF62CDDE-859F-4C69-8794-B38AD1E0AE64}"
EndProject
Project("{9A19103F-16F7-4668-BE54-9A1E7A4F7556}") = "1003", "1003\1003.csproj", "{302F3D36-80FB-4F6C-932B-6B6157CD2316}"
EndProject
Project("{9A19103F-16F7-4668-BE54-9A1E7A4F7556}") = "1004", "1004\1004.csproj", "{750AA613-551F-4D71-A67B-5E221667065F}"
EndProject
Project("{9A19103F-16F7-4668-BE54-9A1E7A4F7556}") = "1005", "1005\1005.csproj", "{AFB91944-04A8-4BDE-8C03-A9D930B27F5D}"
EndProject
Project("{9A19103F-16F7-4668-BE54-9A1E7A4F7556}") = "1006", "1006\1006.csproj", "{F1034277-1DDE-42B5-8753-3B7FAF02E5CE}"
EndProject
Project("{9A19103F-16F7-4668-BE54-9A1E7A4F7556}") = "1007", "1007\1007.csproj", "{028AE1E9-E6D3-465F-89C5-5D330845DF17}"
EndProject
Project("{9A19103F-16F7-4668-BE54-9A1E7A4F7556}") = "1008", "1008\1008.csproj", "{0B0F14B4-6602-44E1-B79C-20D159F41B2F}"
EndProject
Project("{9A19103F-16F7-4668-BE54-9A1E7A4F7556}") = "1009", "1009\1009.csproj", "{60BDD1AF-3D57-4F9F-931C-B5AFA42D9560}"
EndProject
Project("{9A19103F-16F7-4668-BE54-9A1E7A4F7556}") = "1010", "1010\1010.csproj", "{F4142C5E-851A-453D-8746-7128FE5BEF50}"
EndProject
Project("{9A19103F-16F7-4668-BE54-9A1E7A4F7556}") = "1011", "1011\1011.csproj", "{0E34CBAE-41F1-4454-ADDA-6EA6B49B41EF}"
EndProject
Project("{9A19103F-16F7-4668-BE54-9A1E7A4F7556}") = "1012", "1012\1012.csproj", "{31CB0BED-8006-40D5-A8C7-1A09C3A344F0}"
EndProject
Project("{9A19103F-16F7-4668-BE54-9A1E7A4F7556}") = "1013", "1013\1013.csproj", "{9919CBCD-3EC2-43C7-A114-D8E6BAD9B252}"
EndProject
Project("{9A19103F-16F7-4668-BE54-9A1E7A4F7556}") = "1014", "1014\1014.csproj", "{2A8FAB87-FC89-4313-871B-8B9F78689118}"
EndProject
Project("{9A19103F-16F7-4668-BE54-9A1E7A4F7556}") = "1015", "1015\1015.csproj", "{56A8C7F0-5946-4D6E-987A-6BA647355156}"
EndProject
Project("{9A19103F-16F7-4668-BE54-9A1E7A4F7556}") = "1016", "1016\1016.csproj", "{9D9FD5DA-649C-4083-9778-81BBBDDE0AF5}"
EndProject
Project("{9A19103F-16F7-4668-BE54-9A1E7A4F7556}") = "1017", "1017\1017.csproj", "{D5CDB372-93CF-4FDA-A0E5-F108933DD1CB}"
EndProject
Project("{9A19103F-16F7-4668-BE54-9A1E7A4F7556}") = "1018", "1018\1018.csproj", "{FEDDF51F-C01B-45D3-B054-1DBB04ECBD4B}"
EndProject
Project("{9A19103F-16F7-4668-BE54-9A1E7A4F7556}") = "1019", "1019\1019.csproj", "{985C2C83-D014-424D-9DF1-47DCC4238F0A}"
EndProject
Project("{9A19103F-16F7-4668-BE54-9A1E7A4F7556}") = "1020", "1020\1020.csproj", "{647436C1-5BEB-4508-94F7-A9BFFA48A559}"
EndProject
Project("{9A19103F-16F7-4668-BE54-9A1E7A4F7556}") = "1035", "1035\1035.csproj", "{F54FC18B-6DA3-4F3C-91B2-55AE53774925}"
EndProject
Project("{9A19103F-16F7-4668-BE54-9A1E7A4F7556}") = "1037", "1037\1037.csproj", "{A7C79BD0-31F1-4CFF-8ECB-C94946AB6318}"
EndProject
Project("{9A19103F-16F7-4668-BE54-9A1E7A4F7556}") = "1042", "1042\1042.csproj", "{7D532F43-9D5B-4EBA-879E-DB213BA17846}"
EndProject
Project("{9A19103F-16F7-4668-BE54-9A1E7A4F7556}") = "1044", "1044\1044.csproj", "{2DF93762-94D2-46ED-BC82-3780F43EF60E}"
EndProject
Project("{9A19103F-16F7-4668-BE54-9A1E7A4F7556}") = "1050", "1050\1050.csproj", "{BBBABEBE-5CDB-432B-9906-E0DAFC8E57DF}"
EndProject
Project("{9A19103F-16F7-4668-BE54-9A1E7A4F7556}") = "1060", "1060\1060.csproj", "{26FEC090-197F-4F7C-AD94-84255998625A}"
EndProject
Project("{9A19103F-16F7-4668-BE54-9A1E7A4F7556}") = "1052", "1052\1052.csproj", "{DCC11D2B-FD8C-4C8A-93C9-7DA5FE4FC013}"
EndProject
Project("{9A19103F-16F7-4668-BE54-9A1E7A4F7556}") = "1051", "1051\1051.csproj", "{44C41FAF-773A-4B4C-AC15-572DB6DB425E}"
EndProject
Project("{9A19103F-16F7-4668-BE54-9A1E7A4F7556}") = "1043", "1043\1043.csproj", "{0823A415-2B35-4C6A-BB95-68409C87A4D4}"
EndProject
Project("{9A19103F-16F7-4668-BE54-9A1E7A4F7556}") = "1064", "1064\1064.csproj", "{302AB654-1C1D-401F-BC8E-55368E15D0A1}"
EndProject
Project("{9A19103F-16F7-4668-BE54-9A1E7A4F7556}") = "1065", "1065\1065.csproj", "{1A9A065C-F431-4778-BF78-74DAD29F4D14}"
EndProject
Project("{9A19103F-16F7-4668-BE54-9A1E7A4F7556}") = "1066", "1066\1066.csproj", "{16C557C5-9B7C-403B-8E18-9AEE53BA1127}"
EndProject
Project("{9A19103F-16F7-4668-BE54-9A1E7A4F7556}") = "1067", "1067\1067.csproj", "{73C3D6D4-15DE-441A-B160-AA0D6F736172}"
EndProject
Project("{9A19103F-16F7-4668-BE54-9A1E7A4F7556}") = "1070", "1070\1070.csproj", "{8BD1B047-1D38-49BE-9398-3ACB0EFB7262}"
EndProject
Project("{9A19103F-16F7-4668-BE54-9A1E7A4F7556}") = "1071", "1071\1071.csproj", "{4F42A9FF-3472-41F8-B997-46C5EA66A130}"
EndProject
Project("{9A19103F-16F7-4668-BE54-9A1E7A4F7556}") = "1073", "1073\1073.csproj", "{CD37D758-11FA-49E4-BFEB-CB6B83F3D024}"
EndProject
Project("{9A19103F-16F7-4668-BE54-9A1E7A4F7556}") = "1072", "1072\1072.csproj", "{D1842869-1179-46F4-BBB3-1A327015E36B}"
EndProject
Project("{9A19103F-16F7-4668-BE54-9A1E7A4F7556}") = "1074", "1074\1074.csproj", "{85AC4A9C-7337-4BB0-802D-0D77FB778D60}"
EndProject
Project("{9A19103F-16F7-4668-BE54-9A1E7A4F7556}") = "1075", "1075\1075.csproj", "{8AE70C17-D93D-4A2F-9ECB-F1294E75FD9E}"
EndProject
Project("{9A19103F-16F7-4668-BE54-9A1E7A4F7556}") = "1078", "1078\1078.csproj", "{AF110B89-DE9B-41BE-8B99-3FE8B0E0DB4C}"
EndProject
Project("{FAE04EC0-301F-11D3-BF4B-00C04F79EFBC}") = "1114", "1114\1114.csproj", "{384BE1E5-2452-49AA-BED2-DC995F6E319D}"
EndProject
Project("{FAE04EC0-301F-11D3-BF4B-00C04F79EFBC}") = "1132", "1132\1132.csproj", "{77554C48-CADC-4BF6-9045-0AF93395E683}"
EndProject
Project("{FAE04EC0-301F-11D3-BF4B-00C04F79EFBC}") = "1113", "1113\1113.csproj", "{8B34D635-C592-4BCC-BC3E-41D5F93DA3ED}"
EndProject
Project("{2150E333-8FDC-42A3-9474-1A3956D46DE8}") = "iniciante", "iniciante", "{D897BD37-AA79-4BDA-AB6F-E692DB03947E}"
EndProject
Project("{FAE04EC0-301F-11D3-BF4B-00C04F79EFBC}") = "1116", "1116\1116.csproj", "{B6634413-9073-4BD7-8833-1EE9D5A54C96}"
EndProject
Global
	GlobalSection(SolutionConfigurationPlatforms) = preSolution
		Debug|Any CPU = Debug|Any CPU
		Release|Any CPU = Release|Any CPU
	EndGlobalSection
	GlobalSection(ProjectConfigurationPlatforms) = postSolution
		{D54AEED6-8010-4B5C-80CD-5403488E5380}.Debug|Any CPU.ActiveCfg = Debug|Any CPU
		{D54AEED6-8010-4B5C-80CD-5403488E5380}.Debug|Any CPU.Build.0 = Debug|Any CPU
		{D54AEED6-8010-4B5C-80CD-5403488E5380}.Release|Any CPU.ActiveCfg = Release|Any CPU
		{D54AEED6-8010-4B5C-80CD-5403488E5380}.Release|Any CPU.Build.0 = Release|Any CPU
		{D7800DBD-849A-48E9-B322-C5B84FE84433}.Debug|Any CPU.ActiveCfg = Debug|Any CPU
		{D7800DBD-849A-48E9-B322-C5B84FE84433}.Debug|Any CPU.Build.0 = Debug|Any CPU
		{D7800DBD-849A-48E9-B322-C5B84FE84433}.Release|Any CPU.ActiveCfg = Release|Any CPU
		{D7800DBD-849A-48E9-B322-C5B84FE84433}.Release|Any CPU.Build.0 = Release|Any CPU
		{BF62CDDE-859F-4C69-8794-B38AD1E0AE64}.Debug|Any CPU.ActiveCfg = Debug|Any CPU
		{BF62CDDE-859F-4C69-8794-B38AD1E0AE64}.Debug|Any CPU.Build.0 = Debug|Any CPU
		{BF62CDDE-859F-4C69-8794-B38AD1E0AE64}.Release|Any CPU.ActiveCfg = Release|Any CPU
		{BF62CDDE-859F-4C69-8794-B38AD1E0AE64}.Release|Any CPU.Build.0 = Release|Any CPU
		{302F3D36-80FB-4F6C-932B-6B6157CD2316}.Debug|Any CPU.ActiveCfg = Debug|Any CPU
		{302F3D36-80FB-4F6C-932B-6B6157CD2316}.Debug|Any CPU.Build.0 = Debug|Any CPU
		{302F3D36-80FB-4F6C-932B-6B6157CD2316}.Release|Any CPU.ActiveCfg = Release|Any CPU
		{302F3D36-80FB-4F6C-932B-6B6157CD2316}.Release|Any CPU.Build.0 = Release|Any CPU
		{750AA613-551F-4D71-A67B-5E221667065F}.Debug|Any CPU.ActiveCfg = Debug|Any CPU
		{750AA613-551F-4D71-A67B-5E221667065F}.Debug|Any CPU.Build.0 = Debug|Any CPU
		{750AA613-551F-4D71-A67B-5E221667065F}.Release|Any CPU.ActiveCfg = Release|Any CPU
		{750AA613-551F-4D71-A67B-5E221667065F}.Release|Any CPU.Build.0 = Release|Any CPU
		{AFB91944-04A8-4BDE-8C03-A9D930B27F5D}.Debug|Any CPU.ActiveCfg = Debug|Any CPU
		{AFB91944-04A8-4BDE-8C03-A9D930B27F5D}.Debug|Any CPU.Build.0 = Debug|Any CPU
		{AFB91944-04A8-4BDE-8C03-A9D930B27F5D}.Release|Any CPU.ActiveCfg = Release|Any CPU
		{AFB91944-04A8-4BDE-8C03-A9D930B27F5D}.Release|Any CPU.Build.0 = Release|Any CPU
		{F1034277-1DDE-42B5-8753-3B7FAF02E5CE}.Debug|Any CPU.ActiveCfg = Debug|Any CPU
		{F1034277-1DDE-42B5-8753-3B7FAF02E5CE}.Debug|Any CPU.Build.0 = Debug|Any CPU
		{F1034277-1DDE-42B5-8753-3B7FAF02E5CE}.Release|Any CPU.ActiveCfg = Release|Any CPU
		{F1034277-1DDE-42B5-8753-3B7FAF02E5CE}.Release|Any CPU.Build.0 = Release|Any CPU
		{028AE1E9-E6D3-465F-89C5-5D330845DF17}.Debug|Any CPU.ActiveCfg = Debug|Any CPU
		{028AE1E9-E6D3-465F-89C5-5D330845DF17}.Debug|Any CPU.Build.0 = Debug|Any CPU
		{028AE1E9-E6D3-465F-89C5-5D330845DF17}.Release|Any CPU.ActiveCfg = Release|Any CPU
		{028AE1E9-E6D3-465F-89C5-5D330845DF17}.Release|Any CPU.Build.0 = Release|Any CPU
		{0B0F14B4-6602-44E1-B79C-20D159F41B2F}.Debug|Any CPU.ActiveCfg = Debug|Any CPU
		{0B0F14B4-6602-44E1-B79C-20D159F41B2F}.Debug|Any CPU.Build.0 = Debug|Any CPU
		{0B0F14B4-6602-44E1-B79C-20D159F41B2F}.Release|Any CPU.ActiveCfg = Release|Any CPU
		{0B0F14B4-6602-44E1-B79C-20D159F41B2F}.Release|Any CPU.Build.0 = Release|Any CPU
		{60BDD1AF-3D57-4F9F-931C-B5AFA42D9560}.Debug|Any CPU.ActiveCfg = Debug|Any CPU
		{60BDD1AF-3D57-4F9F-931C-B5AFA42D9560}.Debug|Any CPU.Build.0 = Debug|Any CPU
		{60BDD1AF-3D57-4F9F-931C-B5AFA42D9560}.Release|Any CPU.ActiveCfg = Release|Any CPU
		{60BDD1AF-3D57-4F9F-931C-B5AFA42D9560}.Release|Any CPU.Build.0 = Release|Any CPU
		{F4142C5E-851A-453D-8746-7128FE5BEF50}.Debug|Any CPU.ActiveCfg = Debug|Any CPU
		{F4142C5E-851A-453D-8746-7128FE5BEF50}.Debug|Any CPU.Build.0 = Debug|Any CPU
		{F4142C5E-851A-453D-8746-7128FE5BEF50}.Release|Any CPU.ActiveCfg = Release|Any CPU
		{F4142C5E-851A-453D-8746-7128FE5BEF50}.Release|Any CPU.Build.0 = Release|Any CPU
		{0E34CBAE-41F1-4454-ADDA-6EA6B49B41EF}.Debug|Any CPU.ActiveCfg = Debug|Any CPU
		{0E34CBAE-41F1-4454-ADDA-6EA6B49B41EF}.Debug|Any CPU.Build.0 = Debug|Any CPU
		{0E34CBAE-41F1-4454-ADDA-6EA6B49B41EF}.Release|Any CPU.ActiveCfg = Release|Any CPU
		{0E34CBAE-41F1-4454-ADDA-6EA6B49B41EF}.Release|Any CPU.Build.0 = Release|Any CPU
		{31CB0BED-8006-40D5-A8C7-1A09C3A344F0}.Debug|Any CPU.ActiveCfg = Debug|Any CPU
		{31CB0BED-8006-40D5-A8C7-1A09C3A344F0}.Debug|Any CPU.Build.0 = Debug|Any CPU
		{31CB0BED-8006-40D5-A8C7-1A09C3A344F0}.Release|Any CPU.ActiveCfg = Release|Any CPU
		{31CB0BED-8006-40D5-A8C7-1A09C3A344F0}.Release|Any CPU.Build.0 = Release|Any CPU
		{9919CBCD-3EC2-43C7-A114-D8E6BAD9B252}.Debug|Any CPU.ActiveCfg = Debug|Any CPU
		{9919CBCD-3EC2-43C7-A114-D8E6BAD9B252}.Debug|Any CPU.Build.0 = Debug|Any CPU
		{9919CBCD-3EC2-43C7-A114-D8E6BAD9B252}.Release|Any CPU.ActiveCfg = Release|Any CPU
		{9919CBCD-3EC2-43C7-A114-D8E6BAD9B252}.Release|Any CPU.Build.0 = Release|Any CPU
		{2A8FAB87-FC89-4313-871B-8B9F78689118}.Debug|Any CPU.ActiveCfg = Debug|Any CPU
		{2A8FAB87-FC89-4313-871B-8B9F78689118}.Debug|Any CPU.Build.0 = Debug|Any CPU
		{2A8FAB87-FC89-4313-871B-8B9F78689118}.Release|Any CPU.ActiveCfg = Release|Any CPU
		{2A8FAB87-FC89-4313-871B-8B9F78689118}.Release|Any CPU.Build.0 = Release|Any CPU
		{56A8C7F0-5946-4D6E-987A-6BA647355156}.Debug|Any CPU.ActiveCfg = Debug|Any CPU
		{56A8C7F0-5946-4D6E-987A-6BA647355156}.Debug|Any CPU.Build.0 = Debug|Any CPU
		{56A8C7F0-5946-4D6E-987A-6BA647355156}.Release|Any CPU.ActiveCfg = Release|Any CPU
		{56A8C7F0-5946-4D6E-987A-6BA647355156}.Release|Any CPU.Build.0 = Release|Any CPU
		{9D9FD5DA-649C-4083-9778-81BBBDDE0AF5}.Debug|Any CPU.ActiveCfg = Debug|Any CPU
		{9D9FD5DA-649C-4083-9778-81BBBDDE0AF5}.Debug|Any CPU.Build.0 = Debug|Any CPU
		{9D9FD5DA-649C-4083-9778-81BBBDDE0AF5}.Release|Any CPU.ActiveCfg = Release|Any CPU
		{9D9FD5DA-649C-4083-9778-81BBBDDE0AF5}.Release|Any CPU.Build.0 = Release|Any CPU
		{D5CDB372-93CF-4FDA-A0E5-F108933DD1CB}.Debug|Any CPU.ActiveCfg = Debug|Any CPU
		{D5CDB372-93CF-4FDA-A0E5-F108933DD1CB}.Debug|Any CPU.Build.0 = Debug|Any CPU
		{D5CDB372-93CF-4FDA-A0E5-F108933DD1CB}.Release|Any CPU.ActiveCfg = Release|Any CPU
		{D5CDB372-93CF-4FDA-A0E5-F108933DD1CB}.Release|Any CPU.Build.0 = Release|Any CPU
		{FEDDF51F-C01B-45D3-B054-1DBB04ECBD4B}.Debug|Any CPU.ActiveCfg = Debug|Any CPU
		{FEDDF51F-C01B-45D3-B054-1DBB04ECBD4B}.Debug|Any CPU.Build.0 = Debug|Any CPU
		{FEDDF51F-C01B-45D3-B054-1DBB04ECBD4B}.Release|Any CPU.ActiveCfg = Release|Any CPU
		{FEDDF51F-C01B-45D3-B054-1DBB04ECBD4B}.Release|Any CPU.Build.0 = Release|Any CPU
		{985C2C83-D014-424D-9DF1-47DCC4238F0A}.Debug|Any CPU.ActiveCfg = Debug|Any CPU
		{985C2C83-D014-424D-9DF1-47DCC4238F0A}.Debug|Any CPU.Build.0 = Debug|Any CPU
		{985C2C83-D014-424D-9DF1-47DCC4238F0A}.Release|Any CPU.ActiveCfg = Release|Any CPU
		{985C2C83-D014-424D-9DF1-47DCC4238F0A}.Release|Any CPU.Build.0 = Release|Any CPU
		{647436C1-5BEB-4508-94F7-A9BFFA48A559}.Debug|Any CPU.ActiveCfg = Debug|Any CPU
		{647436C1-5BEB-4508-94F7-A9BFFA48A559}.Debug|Any CPU.Build.0 = Debug|Any CPU
		{647436C1-5BEB-4508-94F7-A9BFFA48A559}.Release|Any CPU.ActiveCfg = Release|Any CPU
		{647436C1-5BEB-4508-94F7-A9BFFA48A559}.Release|Any CPU.Build.0 = Release|Any CPU
		{F54FC18B-6DA3-4F3C-91B2-55AE53774925}.Debug|Any CPU.ActiveCfg = Debug|Any CPU
		{F54FC18B-6DA3-4F3C-91B2-55AE53774925}.Debug|Any CPU.Build.0 = Debug|Any CPU
		{F54FC18B-6DA3-4F3C-91B2-55AE53774925}.Release|Any CPU.ActiveCfg = Release|Any CPU
		{F54FC18B-6DA3-4F3C-91B2-55AE53774925}.Release|Any CPU.Build.0 = Release|Any CPU
		{A7C79BD0-31F1-4CFF-8ECB-C94946AB6318}.Debug|Any CPU.ActiveCfg = Debug|Any CPU
		{A7C79BD0-31F1-4CFF-8ECB-C94946AB6318}.Debug|Any CPU.Build.0 = Debug|Any CPU
		{A7C79BD0-31F1-4CFF-8ECB-C94946AB6318}.Release|Any CPU.ActiveCfg = Release|Any CPU
		{A7C79BD0-31F1-4CFF-8ECB-C94946AB6318}.Release|Any CPU.Build.0 = Release|Any CPU
		{7D532F43-9D5B-4EBA-879E-DB213BA17846}.Debug|Any CPU.ActiveCfg = Debug|Any CPU
		{7D532F43-9D5B-4EBA-879E-DB213BA17846}.Debug|Any CPU.Build.0 = Debug|Any CPU
		{7D532F43-9D5B-4EBA-879E-DB213BA17846}.Release|Any CPU.ActiveCfg = Release|Any CPU
		{7D532F43-9D5B-4EBA-879E-DB213BA17846}.Release|Any CPU.Build.0 = Release|Any CPU
		{2DF93762-94D2-46ED-BC82-3780F43EF60E}.Debug|Any CPU.ActiveCfg = Debug|Any CPU
		{2DF93762-94D2-46ED-BC82-3780F43EF60E}.Debug|Any CPU.Build.0 = Debug|Any CPU
		{2DF93762-94D2-46ED-BC82-3780F43EF60E}.Release|Any CPU.ActiveCfg = Release|Any CPU
		{2DF93762-94D2-46ED-BC82-3780F43EF60E}.Release|Any CPU.Build.0 = Release|Any CPU
		{BBBABEBE-5CDB-432B-9906-E0DAFC8E57DF}.Debug|Any CPU.ActiveCfg = Debug|Any CPU
		{BBBABEBE-5CDB-432B-9906-E0DAFC8E57DF}.Debug|Any CPU.Build.0 = Debug|Any CPU
		{BBBABEBE-5CDB-432B-9906-E0DAFC8E57DF}.Release|Any CPU.ActiveCfg = Release|Any CPU
		{BBBABEBE-5CDB-432B-9906-E0DAFC8E57DF}.Release|Any CPU.Build.0 = Release|Any CPU
		{26FEC090-197F-4F7C-AD94-84255998625A}.Debug|Any CPU.ActiveCfg = Debug|Any CPU
		{26FEC090-197F-4F7C-AD94-84255998625A}.Debug|Any CPU.Build.0 = Debug|Any CPU
		{26FEC090-197F-4F7C-AD94-84255998625A}.Release|Any CPU.ActiveCfg = Release|Any CPU
		{26FEC090-197F-4F7C-AD94-84255998625A}.Release|Any CPU.Build.0 = Release|Any CPU
		{DCC11D2B-FD8C-4C8A-93C9-7DA5FE4FC013}.Debug|Any CPU.ActiveCfg = Debug|Any CPU
		{DCC11D2B-FD8C-4C8A-93C9-7DA5FE4FC013}.Debug|Any CPU.Build.0 = Debug|Any CPU
		{DCC11D2B-FD8C-4C8A-93C9-7DA5FE4FC013}.Release|Any CPU.ActiveCfg = Release|Any CPU
		{DCC11D2B-FD8C-4C8A-93C9-7DA5FE4FC013}.Release|Any CPU.Build.0 = Release|Any CPU
		{44C41FAF-773A-4B4C-AC15-572DB6DB425E}.Debug|Any CPU.ActiveCfg = Debug|Any CPU
		{44C41FAF-773A-4B4C-AC15-572DB6DB425E}.Debug|Any CPU.Build.0 = Debug|Any CPU
		{44C41FAF-773A-4B4C-AC15-572DB6DB425E}.Release|Any CPU.ActiveCfg = Release|Any CPU
		{44C41FAF-773A-4B4C-AC15-572DB6DB425E}.Release|Any CPU.Build.0 = Release|Any CPU
		{0823A415-2B35-4C6A-BB95-68409C87A4D4}.Debug|Any CPU.ActiveCfg = Debug|Any CPU
		{0823A415-2B35-4C6A-BB95-68409C87A4D4}.Debug|Any CPU.Build.0 = Debug|Any CPU
		{0823A415-2B35-4C6A-BB95-68409C87A4D4}.Release|Any CPU.ActiveCfg = Release|Any CPU
		{0823A415-2B35-4C6A-BB95-68409C87A4D4}.Release|Any CPU.Build.0 = Release|Any CPU
		{302AB654-1C1D-401F-BC8E-55368E15D0A1}.Debug|Any CPU.ActiveCfg = Debug|Any CPU
		{302AB654-1C1D-401F-BC8E-55368E15D0A1}.Debug|Any CPU.Build.0 = Debug|Any CPU
		{302AB654-1C1D-401F-BC8E-55368E15D0A1}.Release|Any CPU.ActiveCfg = Release|Any CPU
		{302AB654-1C1D-401F-BC8E-55368E15D0A1}.Release|Any CPU.Build.0 = Release|Any CPU
		{1A9A065C-F431-4778-BF78-74DAD29F4D14}.Debug|Any CPU.ActiveCfg = Debug|Any CPU
		{1A9A065C-F431-4778-BF78-74DAD29F4D14}.Debug|Any CPU.Build.0 = Debug|Any CPU
		{1A9A065C-F431-4778-BF78-74DAD29F4D14}.Release|Any CPU.ActiveCfg = Release|Any CPU
		{1A9A065C-F431-4778-BF78-74DAD29F4D14}.Release|Any CPU.Build.0 = Release|Any CPU
		{16C557C5-9B7C-403B-8E18-9AEE53BA1127}.Debug|Any CPU.ActiveCfg = Debug|Any CPU
		{16C557C5-9B7C-403B-8E18-9AEE53BA1127}.Debug|Any CPU.Build.0 = Debug|Any CPU
		{16C557C5-9B7C-403B-8E18-9AEE53BA1127}.Release|Any CPU.ActiveCfg = Release|Any CPU
		{16C557C5-9B7C-403B-8E18-9AEE53BA1127}.Release|Any CPU.Build.0 = Release|Any CPU
		{73C3D6D4-15DE-441A-B160-AA0D6F736172}.Debug|Any CPU.ActiveCfg = Debug|Any CPU
		{73C3D6D4-15DE-441A-B160-AA0D6F736172}.Debug|Any CPU.Build.0 = Debug|Any CPU
		{73C3D6D4-15DE-441A-B160-AA0D6F736172}.Release|Any CPU.ActiveCfg = Release|Any CPU
		{73C3D6D4-15DE-441A-B160-AA0D6F736172}.Release|Any CPU.Build.0 = Release|Any CPU
		{8BD1B047-1D38-49BE-9398-3ACB0EFB7262}.Debug|Any CPU.ActiveCfg = Debug|Any CPU
		{8BD1B047-1D38-49BE-9398-3ACB0EFB7262}.Debug|Any CPU.Build.0 = Debug|Any CPU
		{8BD1B047-1D38-49BE-9398-3ACB0EFB7262}.Release|Any CPU.ActiveCfg = Release|Any CPU
		{8BD1B047-1D38-49BE-9398-3ACB0EFB7262}.Release|Any CPU.Build.0 = Release|Any CPU
		{4F42A9FF-3472-41F8-B997-46C5EA66A130}.Debug|Any CPU.ActiveCfg = Debug|Any CPU
		{4F42A9FF-3472-41F8-B997-46C5EA66A130}.Debug|Any CPU.Build.0 = Debug|Any CPU
		{4F42A9FF-3472-41F8-B997-46C5EA66A130}.Release|Any CPU.ActiveCfg = Release|Any CPU
		{4F42A9FF-3472-41F8-B997-46C5EA66A130}.Release|Any CPU.Build.0 = Release|Any CPU
		{CD37D758-11FA-49E4-BFEB-CB6B83F3D024}.Debug|Any CPU.ActiveCfg = Debug|Any CPU
		{CD37D758-11FA-49E4-BFEB-CB6B83F3D024}.Debug|Any CPU.Build.0 = Debug|Any CPU
		{CD37D758-11FA-49E4-BFEB-CB6B83F3D024}.Release|Any CPU.ActiveCfg = Release|Any CPU
		{CD37D758-11FA-49E4-BFEB-CB6B83F3D024}.Release|Any CPU.Build.0 = Release|Any CPU
		{D1842869-1179-46F4-BBB3-1A327015E36B}.Debug|Any CPU.ActiveCfg = Debug|Any CPU
		{D1842869-1179-46F4-BBB3-1A327015E36B}.Debug|Any CPU.Build.0 = Debug|Any CPU
		{D1842869-1179-46F4-BBB3-1A327015E36B}.Release|Any CPU.ActiveCfg = Release|Any CPU
		{D1842869-1179-46F4-BBB3-1A327015E36B}.Release|Any CPU.Build.0 = Release|Any CPU
		{85AC4A9C-7337-4BB0-802D-0D77FB778D60}.Debug|Any CPU.ActiveCfg = Debug|Any CPU
		{85AC4A9C-7337-4BB0-802D-0D77FB778D60}.Debug|Any CPU.Build.0 = Debug|Any CPU
		{85AC4A9C-7337-4BB0-802D-0D77FB778D60}.Release|Any CPU.ActiveCfg = Release|Any CPU
		{85AC4A9C-7337-4BB0-802D-0D77FB778D60}.Release|Any CPU.Build.0 = Release|Any CPU
		{8AE70C17-D93D-4A2F-9ECB-F1294E75FD9E}.Debug|Any CPU.ActiveCfg = Debug|Any CPU
		{8AE70C17-D93D-4A2F-9ECB-F1294E75FD9E}.Debug|Any CPU.Build.0 = Debug|Any CPU
		{8AE70C17-D93D-4A2F-9ECB-F1294E75FD9E}.Release|Any CPU.ActiveCfg = Release|Any CPU
		{8AE70C17-D93D-4A2F-9ECB-F1294E75FD9E}.Release|Any CPU.Build.0 = Release|Any CPU
		{AF110B89-DE9B-41BE-8B99-3FE8B0E0DB4C}.Debug|Any CPU.ActiveCfg = Debug|Any CPU
		{AF110B89-DE9B-41BE-8B99-3FE8B0E0DB4C}.Debug|Any CPU.Build.0 = Debug|Any CPU
		{AF110B89-DE9B-41BE-8B99-3FE8B0E0DB4C}.Release|Any CPU.ActiveCfg = Release|Any CPU
		{AF110B89-DE9B-41BE-8B99-3FE8B0E0DB4C}.Release|Any CPU.Build.0 = Release|Any CPU
		{384BE1E5-2452-49AA-BED2-DC995F6E319D}.Debug|Any CPU.ActiveCfg = Debug|Any CPU
		{384BE1E5-2452-49AA-BED2-DC995F6E319D}.Debug|Any CPU.Build.0 = Debug|Any CPU
		{384BE1E5-2452-49AA-BED2-DC995F6E319D}.Release|Any CPU.ActiveCfg = Release|Any CPU
		{384BE1E5-2452-49AA-BED2-DC995F6E319D}.Release|Any CPU.Build.0 = Release|Any CPU
		{77554C48-CADC-4BF6-9045-0AF93395E683}.Debug|Any CPU.ActiveCfg = Debug|Any CPU
		{77554C48-CADC-4BF6-9045-0AF93395E683}.Debug|Any CPU.Build.0 = Debug|Any CPU
		{77554C48-CADC-4BF6-9045-0AF93395E683}.Release|Any CPU.ActiveCfg = Release|Any CPU
		{77554C48-CADC-4BF6-9045-0AF93395E683}.Release|Any CPU.Build.0 = Release|Any CPU
		{8B34D635-C592-4BCC-BC3E-41D5F93DA3ED}.Debug|Any CPU.ActiveCfg = Debug|Any CPU
		{8B34D635-C592-4BCC-BC3E-41D5F93DA3ED}.Debug|Any CPU.Build.0 = Debug|Any CPU
		{8B34D635-C592-4BCC-BC3E-41D5F93DA3ED}.Release|Any CPU.ActiveCfg = Release|Any CPU
		{8B34D635-C592-4BCC-BC3E-41D5F93DA3ED}.Release|Any CPU.Build.0 = Release|Any CPU
		{B6634413-9073-4BD7-8833-1EE9D5A54C96}.Debug|Any CPU.ActiveCfg = Debug|Any CPU
		{B6634413-9073-4BD7-8833-1EE9D5A54C96}.Debug|Any CPU.Build.0 = Debug|Any CPU
		{B6634413-9073-4BD7-8833-1EE9D5A54C96}.Release|Any CPU.ActiveCfg = Release|Any CPU
		{B6634413-9073-4BD7-8833-1EE9D5A54C96}.Release|Any CPU.Build.0 = Release|Any CPU
	EndGlobalSection
	GlobalSection(SolutionProperties) = preSolution
		HideSolutionNode = FALSE
	EndGlobalSection
	GlobalSection(NestedProjects) = preSolution
		{D54AEED6-8010-4B5C-80CD-5403488E5380} = {D897BD37-AA79-4BDA-AB6F-E692DB03947E}
		{D7800DBD-849A-48E9-B322-C5B84FE84433} = {D897BD37-AA79-4BDA-AB6F-E692DB03947E}
		{BF62CDDE-859F-4C69-8794-B38AD1E0AE64} = {D897BD37-AA79-4BDA-AB6F-E692DB03947E}
		{302F3D36-80FB-4F6C-932B-6B6157CD2316} = {D897BD37-AA79-4BDA-AB6F-E692DB03947E}
		{750AA613-551F-4D71-A67B-5E221667065F} = {D897BD37-AA79-4BDA-AB6F-E692DB03947E}
		{AFB91944-04A8-4BDE-8C03-A9D930B27F5D} = {D897BD37-AA79-4BDA-AB6F-E692DB03947E}
		{F1034277-1DDE-42B5-8753-3B7FAF02E5CE} = {D897BD37-AA79-4BDA-AB6F-E692DB03947E}
		{028AE1E9-E6D3-465F-89C5-5D330845DF17} = {D897BD37-AA79-4BDA-AB6F-E692DB03947E}
		{0B0F14B4-6602-44E1-B79C-20D159F41B2F} = {D897BD37-AA79-4BDA-AB6F-E692DB03947E}
		{60BDD1AF-3D57-4F9F-931C-B5AFA42D9560} = {D897BD37-AA79-4BDA-AB6F-E692DB03947E}
		{F4142C5E-851A-453D-8746-7128FE5BEF50} = {D897BD37-AA79-4BDA-AB6F-E692DB03947E}
		{0E34CBAE-41F1-4454-ADDA-6EA6B49B41EF} = {D897BD37-AA79-4BDA-AB6F-E692DB03947E}
		{31CB0BED-8006-40D5-A8C7-1A09C3A344F0} = {D897BD37-AA79-4BDA-AB6F-E692DB03947E}
		{9919CBCD-3EC2-43C7-A114-D8E6BAD9B252} = {D897BD37-AA79-4BDA-AB6F-E692DB03947E}
		{2A8FAB87-FC89-4313-871B-8B9F78689118} = {D897BD37-AA79-4BDA-AB6F-E692DB03947E}
		{56A8C7F0-5946-4D6E-987A-6BA647355156} = {D897BD37-AA79-4BDA-AB6F-E692DB03947E}
		{9D9FD5DA-649C-4083-9778-81BBBDDE0AF5} = {D897BD37-AA79-4BDA-AB6F-E692DB03947E}
		{D5CDB372-93CF-4FDA-A0E5-F108933DD1CB} = {D897BD37-AA79-4BDA-AB6F-E692DB03947E}
		{FEDDF51F-C01B-45D3-B054-1DBB04ECBD4B} = {D897BD37-AA79-4BDA-AB6F-E692DB03947E}
		{985C2C83-D014-424D-9DF1-47DCC4238F0A} = {D897BD37-AA79-4BDA-AB6F-E692DB03947E}
		{647436C1-5BEB-4508-94F7-A9BFFA48A559} = {D897BD37-AA79-4BDA-AB6F-E692DB03947E}
		{F54FC18B-6DA3-4F3C-91B2-55AE53774925} = {D897BD37-AA79-4BDA-AB6F-E692DB03947E}
		{A7C79BD0-31F1-4CFF-8ECB-C94946AB6318} = {D897BD37-AA79-4BDA-AB6F-E692DB03947E}
		{7D532F43-9D5B-4EBA-879E-DB213BA17846} = {D897BD37-AA79-4BDA-AB6F-E692DB03947E}
		{2DF93762-94D2-46ED-BC82-3780F43EF60E} = {D897BD37-AA79-4BDA-AB6F-E692DB03947E}
		{BBBABEBE-5CDB-432B-9906-E0DAFC8E57DF} = {D897BD37-AA79-4BDA-AB6F-E692DB03947E}
		{26FEC090-197F-4F7C-AD94-84255998625A} = {D897BD37-AA79-4BDA-AB6F-E692DB03947E}
		{DCC11D2B-FD8C-4C8A-93C9-7DA5FE4FC013} = {D897BD37-AA79-4BDA-AB6F-E692DB03947E}
		{44C41FAF-773A-4B4C-AC15-572DB6DB425E} = {D897BD37-AA79-4BDA-AB6F-E692DB03947E}
		{0823A415-2B35-4C6A-BB95-68409C87A4D4} = {D897BD37-AA79-4BDA-AB6F-E692DB03947E}
		{302AB654-1C1D-401F-BC8E-55368E15D0A1} = {D897BD37-AA79-4BDA-AB6F-E692DB03947E}
		{1A9A065C-F431-4778-BF78-74DAD29F4D14} = {D897BD37-AA79-4BDA-AB6F-E692DB03947E}
		{16C557C5-9B7C-403B-8E18-9AEE53BA1127} = {D897BD37-AA79-4BDA-AB6F-E692DB03947E}
		{73C3D6D4-15DE-441A-B160-AA0D6F736172} = {D897BD37-AA79-4BDA-AB6F-E692DB03947E}
		{8BD1B047-1D38-49BE-9398-3ACB0EFB7262} = {D897BD37-AA79-4BDA-AB6F-E692DB03947E}
		{4F42A9FF-3472-41F8-B997-46C5EA66A130} = {D897BD37-AA79-4BDA-AB6F-E692DB03947E}
		{CD37D758-11FA-49E4-BFEB-CB6B83F3D024} = {D897BD37-AA79-4BDA-AB6F-E692DB03947E}
		{D1842869-1179-46F4-BBB3-1A327015E36B} = {D897BD37-AA79-4BDA-AB6F-E692DB03947E}
		{85AC4A9C-7337-4BB0-802D-0D77FB778D60} = {D897BD37-AA79-4BDA-AB6F-E692DB03947E}
		{8AE70C17-D93D-4A2F-9ECB-F1294E75FD9E} = {D897BD37-AA79-4BDA-AB6F-E692DB03947E}
		{AF110B89-DE9B-41BE-8B99-3FE8B0E0DB4C} = {D897BD37-AA79-4BDA-AB6F-E692DB03947E}
		{384BE1E5-2452-49AA-BED2-DC995F6E319D} = {D897BD37-AA79-4BDA-AB6F-E692DB03947E}
		{77554C48-CADC-4BF6-9045-0AF93395E683} = {D897BD37-AA79-4BDA-AB6F-E692DB03947E}
		{8B34D635-C592-4BCC-BC3E-41D5F93DA3ED} = {D897BD37-AA79-4BDA-AB6F-E692DB03947E}
		{B6634413-9073-4BD7-8833-1EE9D5A54C96} = {D897BD37-AA79-4BDA-AB6F-E692DB03947E}
	EndGlobalSection
	GlobalSection(ExtensibilityGlobals) = postSolution
		SolutionGuid = {AF9FECE0-79C5-4B8F-B50E-91B13975A25B}
	EndGlobalSection
EndGlobal
