
Microsoft Visual Studio Solution File, Format Version 12.00
# Visual Studio Version 17
VisualStudioVersion = 17.8.34525.116
MinimumVisualStudioVersion = 10.0.40219.1
Project("{9A19103F-16F7-4668-BE54-9A1E7A4F7556}") = "1000", "1000\1000.csproj", "{041F669F-CE72-45C8-A890-B941528541A8}"
EndProject
Project("{9A19103F-16F7-4668-BE54-9A1E7A4F7556}") = "1001", "1001\1001.csproj", "{96021FCA-B74D-4B17-82F5-BADC01B0218D}"
EndProject
Project("{9A19103F-16F7-4668-BE54-9A1E7A4F7556}") = "1002", "1002\1002.csproj", "{FF84BB4F-7053-418B-8A3A-B28B475432BB}"
EndProject
Project("{9A19103F-16F7-4668-BE54-9A1E7A4F7556}") = "1003", "1003\1003.csproj", "{EC52BE32-7D97-4CC7-9902-9C41EB8B8277}"
EndProject
Project("{9A19103F-16F7-4668-BE54-9A1E7A4F7556}") = "1004", "1004\1004.csproj", "{ECBC4B49-D6C4-4E46-9A84-37218FE5B48F}"
EndProject
Project("{9A19103F-16F7-4668-BE54-9A1E7A4F7556}") = "1005", "1005\1005.csproj", "{8DE2BBE4-190D-4286-9CDC-ADC31640E7FF}"
EndProject
Project("{9A19103F-16F7-4668-BE54-9A1E7A4F7556}") = "1006", "1006\1006.csproj", "{ECAD2C7F-0B43-4C5A-A398-8CBADA45063B}"
EndProject
Project("{9A19103F-16F7-4668-BE54-9A1E7A4F7556}") = "1007", "1007\1007.csproj", "{471BA85D-A1E2-45E3-9DA6-E6FE12C5F169}"
EndProject
Project("{9A19103F-16F7-4668-BE54-9A1E7A4F7556}") = "1008", "1008\1008.csproj", "{AC539B89-4B6C-492A-A343-E9797246F227}"
EndProject
Project("{9A19103F-16F7-4668-BE54-9A1E7A4F7556}") = "1009", "1009\1009.csproj", "{005233AE-BA03-4108-87B1-7B237A25E33B}"
EndProject
Project("{9A19103F-16F7-4668-BE54-9A1E7A4F7556}") = "1010", "1010\1010.csproj", "{60618F8D-1BE2-4E2D-BEB9-EA71512D676E}"
EndProject
Project("{9A19103F-16F7-4668-BE54-9A1E7A4F7556}") = "1011", "1011\1011.csproj", "{E41C333B-5086-4CC3-B065-C1EE73B6362E}"
EndProject
Project("{9A19103F-16F7-4668-BE54-9A1E7A4F7556}") = "1012", "1012\1012.csproj", "{25C2DE5E-D924-41A4-A76B-FBBABC5DB1A1}"
EndProject
Project("{FAE04EC0-301F-11D3-BF4B-00C04F79EFBC}") = "1014", "1014\1014.csproj", "{47F12911-C553-4FA4-9FDF-686811AEE791}"
EndProject
Project("{FAE04EC0-301F-11D3-BF4B-00C04F79EFBC}") = "1015", "1015\1015.csproj", "{B0D72A98-87B9-4AB9-9883-528F240CB42E}"
EndProject
Global
	GlobalSection(SolutionConfigurationPlatforms) = preSolution
		Debug|Any CPU = Debug|Any CPU
		Release|Any CPU = Release|Any CPU
	EndGlobalSection
	GlobalSection(ProjectConfigurationPlatforms) = postSolution
		{041F669F-CE72-45C8-A890-B941528541A8}.Debug|Any CPU.ActiveCfg = Debug|Any CPU
		{041F669F-CE72-45C8-A890-B941528541A8}.Debug|Any CPU.Build.0 = Debug|Any CPU
		{041F669F-CE72-45C8-A890-B941528541A8}.Release|Any CPU.ActiveCfg = Release|Any CPU
		{041F669F-CE72-45C8-A890-B941528541A8}.Release|Any CPU.Build.0 = Release|Any CPU
		{96021FCA-B74D-4B17-82F5-BADC01B0218D}.Debug|Any CPU.ActiveCfg = Debug|Any CPU
		{96021FCA-B74D-4B17-82F5-BADC01B0218D}.Debug|Any CPU.Build.0 = Debug|Any CPU
		{96021FCA-B74D-4B17-82F5-BADC01B0218D}.Release|Any CPU.ActiveCfg = Release|Any CPU
		{96021FCA-B74D-4B17-82F5-BADC01B0218D}.Release|Any CPU.Build.0 = Release|Any CPU
		{FF84BB4F-7053-418B-8A3A-B28B475432BB}.Debug|Any CPU.ActiveCfg = Debug|Any CPU
		{FF84BB4F-7053-418B-8A3A-B28B475432BB}.Debug|Any CPU.Build.0 = Debug|Any CPU
		{FF84BB4F-7053-418B-8A3A-B28B475432BB}.Release|Any CPU.ActiveCfg = Release|Any CPU
		{FF84BB4F-7053-418B-8A3A-B28B475432BB}.Release|Any CPU.Build.0 = Release|Any CPU
		{EC52BE32-7D97-4CC7-9902-9C41EB8B8277}.Debug|Any CPU.ActiveCfg = Debug|Any CPU
		{EC52BE32-7D97-4CC7-9902-9C41EB8B8277}.Debug|Any CPU.Build.0 = Debug|Any CPU
		{EC52BE32-7D97-4CC7-9902-9C41EB8B8277}.Release|Any CPU.ActiveCfg = Release|Any CPU
		{EC52BE32-7D97-4CC7-9902-9C41EB8B8277}.Release|Any CPU.Build.0 = Release|Any CPU
		{ECBC4B49-D6C4-4E46-9A84-37218FE5B48F}.Debug|Any CPU.ActiveCfg = Debug|Any CPU
		{ECBC4B49-D6C4-4E46-9A84-37218FE5B48F}.Debug|Any CPU.Build.0 = Debug|Any CPU
		{ECBC4B49-D6C4-4E46-9A84-37218FE5B48F}.Release|Any CPU.ActiveCfg = Release|Any CPU
		{ECBC4B49-D6C4-4E46-9A84-37218FE5B48F}.Release|Any CPU.Build.0 = Release|Any CPU
		{8DE2BBE4-190D-4286-9CDC-ADC31640E7FF}.Debug|Any CPU.ActiveCfg = Debug|Any CPU
		{8DE2BBE4-190D-4286-9CDC-ADC31640E7FF}.Debug|Any CPU.Build.0 = Debug|Any CPU
		{8DE2BBE4-190D-4286-9CDC-ADC31640E7FF}.Release|Any CPU.ActiveCfg = Release|Any CPU
		{8DE2BBE4-190D-4286-9CDC-ADC31640E7FF}.Release|Any CPU.Build.0 = Release|Any CPU
		{ECAD2C7F-0B43-4C5A-A398-8CBADA45063B}.Debug|Any CPU.ActiveCfg = Debug|Any CPU
		{ECAD2C7F-0B43-4C5A-A398-8CBADA45063B}.Debug|Any CPU.Build.0 = Debug|Any CPU
		{ECAD2C7F-0B43-4C5A-A398-8CBADA45063B}.Release|Any CPU.ActiveCfg = Release|Any CPU
		{ECAD2C7F-0B43-4C5A-A398-8CBADA45063B}.Release|Any CPU.Build.0 = Release|Any CPU
		{471BA85D-A1E2-45E3-9DA6-E6FE12C5F169}.Debug|Any CPU.ActiveCfg = Debug|Any CPU
		{471BA85D-A1E2-45E3-9DA6-E6FE12C5F169}.Debug|Any CPU.Build.0 = Debug|Any CPU
		{471BA85D-A1E2-45E3-9DA6-E6FE12C5F169}.Release|Any CPU.ActiveCfg = Release|Any CPU
		{471BA85D-A1E2-45E3-9DA6-E6FE12C5F169}.Release|Any CPU.Build.0 = Release|Any CPU
		{AC539B89-4B6C-492A-A343-E9797246F227}.Debug|Any CPU.ActiveCfg = Debug|Any CPU
		{AC539B89-4B6C-492A-A343-E9797246F227}.Debug|Any CPU.Build.0 = Debug|Any CPU
		{AC539B89-4B6C-492A-A343-E9797246F227}.Release|Any CPU.ActiveCfg = Release|Any CPU
		{AC539B89-4B6C-492A-A343-E9797246F227}.Release|Any CPU.Build.0 = Release|Any CPU
		{005233AE-BA03-4108-87B1-7B237A25E33B}.Debug|Any CPU.ActiveCfg = Debug|Any CPU
		{005233AE-BA03-4108-87B1-7B237A25E33B}.Debug|Any CPU.Build.0 = Debug|Any CPU
		{005233AE-BA03-4108-87B1-7B237A25E33B}.Release|Any CPU.ActiveCfg = Release|Any CPU
		{005233AE-BA03-4108-87B1-7B237A25E33B}.Release|Any CPU.Build.0 = Release|Any CPU
		{60618F8D-1BE2-4E2D-BEB9-EA71512D676E}.Debug|Any CPU.ActiveCfg = Debug|Any CPU
		{60618F8D-1BE2-4E2D-BEB9-EA71512D676E}.Debug|Any CPU.Build.0 = Debug|Any CPU
		{60618F8D-1BE2-4E2D-BEB9-EA71512D676E}.Release|Any CPU.ActiveCfg = Release|Any CPU
		{60618F8D-1BE2-4E2D-BEB9-EA71512D676E}.Release|Any CPU.Build.0 = Release|Any CPU
		{E41C333B-5086-4CC3-B065-C1EE73B6362E}.Debug|Any CPU.ActiveCfg = Debug|Any CPU
		{E41C333B-5086-4CC3-B065-C1EE73B6362E}.Debug|Any CPU.Build.0 = Debug|Any CPU
		{E41C333B-5086-4CC3-B065-C1EE73B6362E}.Release|Any CPU.ActiveCfg = Release|Any CPU
		{E41C333B-5086-4CC3-B065-C1EE73B6362E}.Release|Any CPU.Build.0 = Release|Any CPU
		{25C2DE5E-D924-41A4-A76B-FBBABC5DB1A1}.Debug|Any CPU.ActiveCfg = Debug|Any CPU
		{25C2DE5E-D924-41A4-A76B-FBBABC5DB1A1}.Debug|Any CPU.Build.0 = Debug|Any CPU
		{25C2DE5E-D924-41A4-A76B-FBBABC5DB1A1}.Release|Any CPU.ActiveCfg = Release|Any CPU
		{25C2DE5E-D924-41A4-A76B-FBBABC5DB1A1}.Release|Any CPU.Build.0 = Release|Any CPU
		{47F12911-C553-4FA4-9FDF-686811AEE791}.Debug|Any CPU.ActiveCfg = Debug|Any CPU
		{47F12911-C553-4FA4-9FDF-686811AEE791}.Debug|Any CPU.Build.0 = Debug|Any CPU
		{47F12911-C553-4FA4-9FDF-686811AEE791}.Release|Any CPU.ActiveCfg = Release|Any CPU
		{47F12911-C553-4FA4-9FDF-686811AEE791}.Release|Any CPU.Build.0 = Release|Any CPU
		{B0D72A98-87B9-4AB9-9883-528F240CB42E}.Debug|Any CPU.ActiveCfg = Debug|Any CPU
		{B0D72A98-87B9-4AB9-9883-528F240CB42E}.Debug|Any CPU.Build.0 = Debug|Any CPU
		{B0D72A98-87B9-4AB9-9883-528F240CB42E}.Release|Any CPU.ActiveCfg = Release|Any CPU
		{B0D72A98-87B9-4AB9-9883-528F240CB42E}.Release|Any CPU.Build.0 = Release|Any CPU
	EndGlobalSection
	GlobalSection(SolutionProperties) = preSolution
		HideSolutionNode = FALSE
	EndGlobalSection
	GlobalSection(ExtensibilityGlobals) = postSolution
		SolutionGuid = {CC75EDF9-A8AD-4C29-B5A6-C666EF276B54}
	EndGlobalSection
EndGlobal
