
Microsoft Visual Studio Solution File, Format Version 12.00
# Visual Studio Version 17
VisualStudioVersion = 17.11.35222.181
MinimumVisualStudioVersion = 10.0.40219.1
Project("{9A19103F-16F7-4668-BE54-9A1E7A4F7556}") = "1000", "1000\1000.csproj", "{D54AEED6-8010-4B5C-80CD-5403488E5380}"
EndProject
Project("{9A19103F-16F7-4668-BE54-9A1E7A4F7556}") = "1001", "1001\1001.csproj", "{D7800DBD-849A-48E9-B322-C5B84FE84433}"
EndProject
Project("{9A19103F-16F7-4668-BE54-9A1E7A4F7556}") = "1002", "1002\1002.csproj", "{BF62CDDE-859F-4C69-8794-B38AD1E0AE64}"
EndProject
Project("{9A19103F-16F7-4668-BE54-9A1E7A4F7556}") = "1003", "1003\1003.csproj", "{302F3D36-80FB-4F6C-932B-6B6157CD2316}"
EndProject
Project("{9A19103F-16F7-4668-BE54-9A1E7A4F7556}") = "1004", "1004\1004.csproj", "{750AA613-551F-4D71-A67B-5E221667065F}"
EndProject
Project("{9A19103F-16F7-4668-BE54-9A1E7A4F7556}") = "1005", "1005\1005.csproj", "{AFB91944-04A8-4BDE-8C03-A9D930B27F5D}"
EndProject
Project("{9A19103F-16F7-4668-BE54-9A1E7A4F7556}") = "1006", "1006\1006.csproj", "{F1034277-1DDE-42B5-8753-3B7FAF02E5CE}"
EndProject
Project("{9A19103F-16F7-4668-BE54-9A1E7A4F7556}") = "1007", "1007\1007.csproj", "{028AE1E9-E6D3-465F-89C5-5D330845DF17}"
EndProject
Project("{9A19103F-16F7-4668-BE54-9A1E7A4F7556}") = "1008", "1008\1008.csproj", "{0B0F14B4-6602-44E1-B79C-20D159F41B2F}"
EndProject
Project("{9A19103F-16F7-4668-BE54-9A1E7A4F7556}") = "1009", "1009\1009.csproj", "{60BDD1AF-3D57-4F9F-931C-B5AFA42D9560}"
EndProject
Project("{9A19103F-16F7-4668-BE54-9A1E7A4F7556}") = "1010", "1010\1010.csproj", "{F4142C5E-851A-453D-8746-7128FE5BEF50}"
EndProject
Project("{9A19103F-16F7-4668-BE54-9A1E7A4F7556}") = "1011", "1011\1011.csproj", "{0E34CBAE-41F1-4454-ADDA-6EA6B49B41EF}"
EndProject
Project("{9A19103F-16F7-4668-BE54-9A1E7A4F7556}") = "1012", "1012\1012.csproj", "{31CB0BED-8006-40D5-A8C7-1A09C3A344F0}"
EndProject
Project("{9A19103F-16F7-4668-BE54-9A1E7A4F7556}") = "1013", "1013\1013.csproj", "{9919CBCD-3EC2-43C7-A114-D8E6BAD9B252}"
EndProject
Project("{9A19103F-16F7-4668-BE54-9A1E7A4F7556}") = "1014", "1014\1014.csproj", "{2A8FAB87-FC89-4313-871B-8B9F78689118}"
EndProject
Project("{9A19103F-16F7-4668-BE54-9A1E7A4F7556}") = "1015", "1015\1015.csproj", "{56A8C7F0-5946-4D6E-987A-6BA647355156}"
EndProject
Project("{9A19103F-16F7-4668-BE54-9A1E7A4F7556}") = "1016", "1016\1016.csproj", "{9D9FD5DA-649C-4083-9778-81BBBDDE0AF5}"
EndProject
Project("{9A19103F-16F7-4668-BE54-9A1E7A4F7556}") = "1017", "1017\1017.csproj", "{D5CDB372-93CF-4FDA-A0E5-F108933DD1CB}"
EndProject
Project("{9A19103F-16F7-4668-BE54-9A1E7A4F7556}") = "1018", "1018\1018.csproj", "{FEDDF51F-C01B-45D3-B054-1DBB04ECBD4B}"
EndProject
Project("{FAE04EC0-301F-11D3-BF4B-00C04F79EFBC}") = "1019", "1019\1019.csproj", "{985C2C83-D014-424D-9DF1-47DCC4238F0A}"
EndProject
Global
	GlobalSection(SolutionConfigurationPlatforms) = preSolution
		Debug|Any CPU = Debug|Any CPU
		Release|Any CPU = Release|Any CPU
	EndGlobalSection
	GlobalSection(ProjectConfigurationPlatforms) = postSolution
		{D54AEED6-8010-4B5C-80CD-5403488E5380}.Debug|Any CPU.ActiveCfg = Debug|Any CPU
		{D54AEED6-8010-4B5C-80CD-5403488E5380}.Debug|Any CPU.Build.0 = Debug|Any CPU
		{D54AEED6-8010-4B5C-80CD-5403488E5380}.Release|Any CPU.ActiveCfg = Release|Any CPU
		{D54AEED6-8010-4B5C-80CD-5403488E5380}.Release|Any CPU.Build.0 = Release|Any CPU
		{D7800DBD-849A-48E9-B322-C5B84FE84433}.Debug|Any CPU.ActiveCfg = Debug|Any CPU
		{D7800DBD-849A-48E9-B322-C5B84FE84433}.Debug|Any CPU.Build.0 = Debug|Any CPU
		{D7800DBD-849A-48E9-B322-C5B84FE84433}.Release|Any CPU.ActiveCfg = Release|Any CPU
		{D7800DBD-849A-48E9-B322-C5B84FE84433}.Release|Any CPU.Build.0 = Release|Any CPU
		{BF62CDDE-859F-4C69-8794-B38AD1E0AE64}.Debug|Any CPU.ActiveCfg = Debug|Any CPU
		{BF62CDDE-859F-4C69-8794-B38AD1E0AE64}.Debug|Any CPU.Build.0 = Debug|Any CPU
		{BF62CDDE-859F-4C69-8794-B38AD1E0AE64}.Release|Any CPU.ActiveCfg = Release|Any CPU
		{BF62CDDE-859F-4C69-8794-B38AD1E0AE64}.Release|Any CPU.Build.0 = Release|Any CPU
		{302F3D36-80FB-4F6C-932B-6B6157CD2316}.Debug|Any CPU.ActiveCfg = Debug|Any CPU
		{302F3D36-80FB-4F6C-932B-6B6157CD2316}.Debug|Any CPU.Build.0 = Debug|Any CPU
		{302F3D36-80FB-4F6C-932B-6B6157CD2316}.Release|Any CPU.ActiveCfg = Release|Any CPU
		{302F3D36-80FB-4F6C-932B-6B6157CD2316}.Release|Any CPU.Build.0 = Release|Any CPU
		{750AA613-551F-4D71-A67B-5E221667065F}.Debug|Any CPU.ActiveCfg = Debug|Any CPU
		{750AA613-551F-4D71-A67B-5E221667065F}.Debug|Any CPU.Build.0 = Debug|Any CPU
		{750AA613-551F-4D71-A67B-5E221667065F}.Release|Any CPU.ActiveCfg = Release|Any CPU
		{750AA613-551F-4D71-A67B-5E221667065F}.Release|Any CPU.Build.0 = Release|Any CPU
		{AFB91944-04A8-4BDE-8C03-A9D930B27F5D}.Debug|Any CPU.ActiveCfg = Debug|Any CPU
		{AFB91944-04A8-4BDE-8C03-A9D930B27F5D}.Debug|Any CPU.Build.0 = Debug|Any CPU
		{AFB91944-04A8-4BDE-8C03-A9D930B27F5D}.Release|Any CPU.ActiveCfg = Release|Any CPU
		{AFB91944-04A8-4BDE-8C03-A9D930B27F5D}.Release|Any CPU.Build.0 = Release|Any CPU
		{F1034277-1DDE-42B5-8753-3B7FAF02E5CE}.Debug|Any CPU.ActiveCfg = Debug|Any CPU
		{F1034277-1DDE-42B5-8753-3B7FAF02E5CE}.Debug|Any CPU.Build.0 = Debug|Any CPU
		{F1034277-1DDE-42B5-8753-3B7FAF02E5CE}.Release|Any CPU.ActiveCfg = Release|Any CPU
		{F1034277-1DDE-42B5-8753-3B7FAF02E5CE}.Release|Any CPU.Build.0 = Release|Any CPU
		{028AE1E9-E6D3-465F-89C5-5D330845DF17}.Debug|Any CPU.ActiveCfg = Debug|Any CPU
		{028AE1E9-E6D3-465F-89C5-5D330845DF17}.Debug|Any CPU.Build.0 = Debug|Any CPU
		{028AE1E9-E6D3-465F-89C5-5D330845DF17}.Release|Any CPU.ActiveCfg = Release|Any CPU
		{028AE1E9-E6D3-465F-89C5-5D330845DF17}.Release|Any CPU.Build.0 = Release|Any CPU
		{0B0F14B4-6602-44E1-B79C-20D159F41B2F}.Debug|Any CPU.ActiveCfg = Debug|Any CPU
		{0B0F14B4-6602-44E1-B79C-20D159F41B2F}.Debug|Any CPU.Build.0 = Debug|Any CPU
		{0B0F14B4-6602-44E1-B79C-20D159F41B2F}.Release|Any CPU.ActiveCfg = Release|Any CPU
		{0B0F14B4-6602-44E1-B79C-20D159F41B2F}.Release|Any CPU.Build.0 = Release|Any CPU
		{60BDD1AF-3D57-4F9F-931C-B5AFA42D9560}.Debug|Any CPU.ActiveCfg = Debug|Any CPU
		{60BDD1AF-3D57-4F9F-931C-B5AFA42D9560}.Debug|Any CPU.Build.0 = Debug|Any CPU
		{60BDD1AF-3D57-4F9F-931C-B5AFA42D9560}.Release|Any CPU.ActiveCfg = Release|Any CPU
		{60BDD1AF-3D57-4F9F-931C-B5AFA42D9560}.Release|Any CPU.Build.0 = Release|Any CPU
		{F4142C5E-851A-453D-8746-7128FE5BEF50}.Debug|Any CPU.ActiveCfg = Debug|Any CPU
		{F4142C5E-851A-453D-8746-7128FE5BEF50}.Debug|Any CPU.Build.0 = Debug|Any CPU
		{F4142C5E-851A-453D-8746-7128FE5BEF50}.Release|Any CPU.ActiveCfg = Release|Any CPU
		{F4142C5E-851A-453D-8746-7128FE5BEF50}.Release|Any CPU.Build.0 = Release|Any CPU
		{0E34CBAE-41F1-4454-ADDA-6EA6B49B41EF}.Debug|Any CPU.ActiveCfg = Debug|Any CPU
		{0E34CBAE-41F1-4454-ADDA-6EA6B49B41EF}.Debug|Any CPU.Build.0 = Debug|Any CPU
		{0E34CBAE-41F1-4454-ADDA-6EA6B49B41EF}.Release|Any CPU.ActiveCfg = Release|Any CPU
		{0E34CBAE-41F1-4454-ADDA-6EA6B49B41EF}.Release|Any CPU.Build.0 = Release|Any CPU
		{31CB0BED-8006-40D5-A8C7-1A09C3A344F0}.Debug|Any CPU.ActiveCfg = Debug|Any CPU
		{31CB0BED-8006-40D5-A8C7-1A09C3A344F0}.Debug|Any CPU.Build.0 = Debug|Any CPU
		{31CB0BED-8006-40D5-A8C7-1A09C3A344F0}.Release|Any CPU.ActiveCfg = Release|Any CPU
		{31CB0BED-8006-40D5-A8C7-1A09C3A344F0}.Release|Any CPU.Build.0 = Release|Any CPU
		{9919CBCD-3EC2-43C7-A114-D8E6BAD9B252}.Debug|Any CPU.ActiveCfg = Debug|Any CPU
		{9919CBCD-3EC2-43C7-A114-D8E6BAD9B252}.Debug|Any CPU.Build.0 = Debug|Any CPU
		{9919CBCD-3EC2-43C7-A114-D8E6BAD9B252}.Release|Any CPU.ActiveCfg = Release|Any CPU
		{9919CBCD-3EC2-43C7-A114-D8E6BAD9B252}.Release|Any CPU.Build.0 = Release|Any CPU
		{2A8FAB87-FC89-4313-871B-8B9F78689118}.Debug|Any CPU.ActiveCfg = Debug|Any CPU
		{2A8FAB87-FC89-4313-871B-8B9F78689118}.Debug|Any CPU.Build.0 = Debug|Any CPU
		{2A8FAB87-FC89-4313-871B-8B9F78689118}.Release|Any CPU.ActiveCfg = Release|Any CPU
		{2A8FAB87-FC89-4313-871B-8B9F78689118}.Release|Any CPU.Build.0 = Release|Any CPU
		{56A8C7F0-5946-4D6E-987A-6BA647355156}.Debug|Any CPU.ActiveCfg = Debug|Any CPU
		{56A8C7F0-5946-4D6E-987A-6BA647355156}.Debug|Any CPU.Build.0 = Debug|Any CPU
		{56A8C7F0-5946-4D6E-987A-6BA647355156}.Release|Any CPU.ActiveCfg = Release|Any CPU
		{56A8C7F0-5946-4D6E-987A-6BA647355156}.Release|Any CPU.Build.0 = Release|Any CPU
		{9D9FD5DA-649C-4083-9778-81BBBDDE0AF5}.Debug|Any CPU.ActiveCfg = Debug|Any CPU
		{9D9FD5DA-649C-4083-9778-81BBBDDE0AF5}.Debug|Any CPU.Build.0 = Debug|Any CPU
		{9D9FD5DA-649C-4083-9778-81BBBDDE0AF5}.Release|Any CPU.ActiveCfg = Release|Any CPU
		{9D9FD5DA-649C-4083-9778-81BBBDDE0AF5}.Release|Any CPU.Build.0 = Release|Any CPU
		{D5CDB372-93CF-4FDA-A0E5-F108933DD1CB}.Debug|Any CPU.ActiveCfg = Debug|Any CPU
		{D5CDB372-93CF-4FDA-A0E5-F108933DD1CB}.Debug|Any CPU.Build.0 = Debug|Any CPU
		{D5CDB372-93CF-4FDA-A0E5-F108933DD1CB}.Release|Any CPU.ActiveCfg = Release|Any CPU
		{D5CDB372-93CF-4FDA-A0E5-F108933DD1CB}.Release|Any CPU.Build.0 = Release|Any CPU
		{FEDDF51F-C01B-45D3-B054-1DBB04ECBD4B}.Debug|Any CPU.ActiveCfg = Debug|Any CPU
		{FEDDF51F-C01B-45D3-B054-1DBB04ECBD4B}.Debug|Any CPU.Build.0 = Debug|Any CPU
		{FEDDF51F-C01B-45D3-B054-1DBB04ECBD4B}.Release|Any CPU.ActiveCfg = Release|Any CPU
		{FEDDF51F-C01B-45D3-B054-1DBB04ECBD4B}.Release|Any CPU.Build.0 = Release|Any CPU
		{985C2C83-D014-424D-9DF1-47DCC4238F0A}.Debug|Any CPU.ActiveCfg = Debug|Any CPU
		{985C2C83-D014-424D-9DF1-47DCC4238F0A}.Debug|Any CPU.Build.0 = Debug|Any CPU
		{985C2C83-D014-424D-9DF1-47DCC4238F0A}.Release|Any CPU.ActiveCfg = Release|Any CPU
		{985C2C83-D014-424D-9DF1-47DCC4238F0A}.Release|Any CPU.Build.0 = Release|Any CPU
	EndGlobalSection
	GlobalSection(SolutionProperties) = preSolution
		HideSolutionNode = FALSE
	EndGlobalSection
	GlobalSection(ExtensibilityGlobals) = postSolution
		SolutionGuid = {AF9FECE0-79C5-4B8F-B50E-91B13975A25B}
	EndGlobalSection
EndGlobal
